{
  "version": 4,
  "terraform_version": "1.5.7",
  "serial": 29,
  "lineage": "3459a9d9-0c38-684c-7c36-3c186659654b",
  "outputs": {
    "cluster_name": {
      "value": "dedicated-hosts-demo",
      "type": "string"
    },
    "dedicated_host_ids": {
      "value": [
        "h-02a4c4706df84dbcf",
        "h-0d97344af81ae4c12"
      ],
      "type": [
        "tuple",
        [
          "string",
          "string"
        ]
      ]
    },
    "dedicated_node_ips": {
      "value": [
        "34.216.164.142",
        "54.191.34.200"
      ],
      "type": [
        "tuple",
        [
          "string",
          "string"
        ]
      ]
    },
    "default_node_ips": {
      "value": [
        "35.91.179.133",
        "54.188.198.192"
      ],
      "type": [
        "tuple",
        [
          "string",
          "string"
        ]
      ]
    },
    "vpc_id": {
      "value": "vpc-03b74b26ac3b6218b",
      "type": "string"
    }
  },
  "resources": [
    {
      "mode": "data",
      "type": "aws_ami",
      "name": "amazon_linux",
      "provider": "provider[\"registry.terraform.io/hashicorp/aws\"]",
      "instances": [
        {
          "schema_version": 0,
          "attributes": {
            "architecture": "x86_64",
            "arn": "arn:aws:ec2:us-west-2::image/ami-0b2c0821853f5c7be",
            "block_device_mappings": [
              {
                "device_name": "/dev/xvda",
                "ebs": {
                  "delete_on_termination": "true",
                  "encrypted": "false",
                  "iops": "0",
                  "snapshot_id": "snap-04d372c67ee0ed178",
                  "throughput": "0",
                  "volume_initialization_rate": "0",
                  "volume_size": "8",
                  "volume_type": "gp2"
                },
                "no_device": "",
                "virtual_name": ""
              }
            ],
            "boot_mode": "",
            "creation_date": "2025-10-03T00:05:16.000Z",
            "deprecation_time": "2026-01-01T00:05:00.000Z",
            "description": "Amazon Linux 2 AMI 2.0.20250929.2 x86_64 HVM gp2",
            "ena_support": true,
            "executable_users": null,
            "filter": [
              {
                "name": "name",
                "values": [
                  "amzn2-ami-hvm-*-x86_64-gp2"
                ]
              }
            ],
            "hypervisor": "xen",
            "id": "ami-0b2c0821853f5c7be",
            "image_id": "ami-0b2c0821853f5c7be",
            "image_location": "amazon/amzn2-ami-hvm-2.0.20250929.2-x86_64-gp2",
            "image_owner_alias": "amazon",
            "image_type": "machine",
            "imds_support": "",
            "include_deprecated": false,
            "kernel_id": "",
            "last_launched_time": "",
            "most_recent": true,
            "name": "amzn2-ami-hvm-2.0.20250929.2-x86_64-gp2",
            "name_regex": null,
            "owner_id": "137112412989",
            "owners": [
              "amazon"
            ],
            "platform": "",
            "platform_details": "Linux/UNIX",
            "product_codes": [],
            "public": true,
            "ramdisk_id": "",
            "root_device_name": "/dev/xvda",
            "root_device_type": "ebs",
            "root_snapshot_id": "snap-04d372c67ee0ed178",
            "sriov_net_support": "simple",
            "state": "available",
            "state_reason": {
              "code": "UNSET",
              "message": "UNSET"
            },
            "tags": {},
            "timeouts": null,
            "tpm_support": "",
            "uefi_data": null,
            "usage_operation": "RunInstances",
            "virtualization_type": "hvm"
          },
          "sensitive_attributes": []
        }
      ]
    },
    {
      "mode": "data",
      "type": "aws_availability_zones",
      "name": "available",
      "provider": "provider[\"registry.terraform.io/hashicorp/aws\"]",
      "instances": [
        {
          "schema_version": 0,
          "attributes": {
            "all_availability_zones": null,
            "exclude_names": null,
            "exclude_zone_ids": null,
            "filter": null,
            "group_names": [
              "us-west-2-zg-1"
            ],
            "id": "us-west-2",
            "names": [
              "us-west-2a",
              "us-west-2b",
              "us-west-2c",
              "us-west-2d"
            ],
            "state": "available",
            "timeouts": null,
            "zone_ids": [
              "usw2-az1",
              "usw2-az2",
              "usw2-az3",
              "usw2-az4"
            ]
          },
          "sensitive_attributes": []
        }
      ]
    },
    {
      "mode": "managed",
      "type": "aws_ec2_host",
      "name": "dedicated",
      "provider": "provider[\"registry.terraform.io/hashicorp/aws\"]",
      "instances": [
        {
          "index_key": 0,
          "schema_version": 0,
          "attributes": {
            "arn": "arn:aws:ec2:us-west-2:387198252553:dedicated-host/h-02a4c4706df84dbcf",
            "asset_id": "",
            "auto_placement": "on",
            "availability_zone": "us-west-2a",
            "host_recovery": "off",
            "id": "h-02a4c4706df84dbcf",
            "instance_family": "",
            "instance_type": "m5.large",
            "outpost_arn": "",
            "owner_id": "387198252553",
            "tags": {
              "Name": "dedicated-host-1",
              "Zone": "us-west-2a"
            },
            "tags_all": {
              "Name": "dedicated-host-1",
              "Zone": "us-west-2a"
            },
            "timeouts": null
          },
          "sensitive_attributes": [],
          "private": "eyJlMmJmYjczMC1lY2FhLTExZTYtOGY4OC0zNDM2M2JjN2M0YzAiOnsiY3JlYXRlIjo2MDAwMDAwMDAwMDAsImRlbGV0ZSI6MTIwMDAwMDAwMDAwMCwidXBkYXRlIjo2MDAwMDAwMDAwMDB9fQ==",
          "dependencies": [
            "data.aws_availability_zones.available"
          ]
        },
        {
          "index_key": 1,
          "schema_version": 0,
          "attributes": {
            "arn": "arn:aws:ec2:us-west-2:387198252553:dedicated-host/h-0d97344af81ae4c12",
            "asset_id": "",
            "auto_placement": "on",
            "availability_zone": "us-west-2b",
            "host_recovery": "off",
            "id": "h-0d97344af81ae4c12",
            "instance_family": "",
            "instance_type": "m5.large",
            "outpost_arn": "",
            "owner_id": "387198252553",
            "tags": {
              "Name": "dedicated-host-2",
              "Zone": "us-west-2b"
            },
            "tags_all": {
              "Name": "dedicated-host-2",
              "Zone": "us-west-2b"
            },
            "timeouts": null
          },
          "sensitive_attributes": [],
          "private": "eyJlMmJmYjczMC1lY2FhLTExZTYtOGY4OC0zNDM2M2JjN2M0YzAiOnsiY3JlYXRlIjo2MDAwMDAwMDAwMDAsImRlbGV0ZSI6MTIwMDAwMDAwMDAwMCwidXBkYXRlIjo2MDAwMDAwMDAwMDB9fQ==",
          "dependencies": [
            "data.aws_availability_zones.available"
          ]
        }
      ]
    },
    {
      "mode": "managed",
      "type": "aws_instance",
      "name": "dedicated_nodes",
      "provider": "provider[\"registry.terraform.io/hashicorp/aws\"]",
      "instances": [
        {
          "index_key": 0,
          "schema_version": 1,
          "attributes": {
            "ami": "ami-0b2c0821853f5c7be",
            "arn": "arn:aws:ec2:us-west-2:387198252553:instance/i-0ee2fe0dfa6a5ca18",
            "associate_public_ip_address": true,
            "availability_zone": "us-west-2a",
            "capacity_reservation_specification": [
              {
                "capacity_reservation_preference": "open",
                "capacity_reservation_target": []
              }
            ],
            "cpu_core_count": 1,
            "cpu_options": [
              {
                "amd_sev_snp": "",
                "core_count": 1,
                "threads_per_core": 2
              }
            ],
            "cpu_threads_per_core": 2,
            "credit_specification": [],
            "disable_api_stop": false,
            "disable_api_termination": false,
            "ebs_block_device": [],
            "ebs_optimized": false,
            "enable_primary_ipv6": null,
            "enclave_options": [
              {
                "enabled": false
              }
            ],
            "ephemeral_block_device": [],
            "get_password_data": false,
            "hibernation": false,
            "host_id": "h-02a4c4706df84dbcf",
            "host_resource_group_arn": null,
            "iam_instance_profile": "",
            "id": "i-0ee2fe0dfa6a5ca18",
            "instance_initiated_shutdown_behavior": "stop",
            "instance_lifecycle": "",
            "instance_market_options": [],
            "instance_state": "running",
            "instance_type": "m5.large",
            "ipv6_address_count": 0,
            "ipv6_addresses": [],
            "key_name": "k8s-demo-key",
            "launch_template": [
              {
                "id": "lt-08d90e9dbdac8a6ab",
                "name": "k8s-dedicated-20251005190825677700000007",
                "version": "$Latest"
              }
            ],
            "maintenance_options": [
              {
                "auto_recovery": "default"
              }
            ],
            "metadata_options": [
              {
                "http_endpoint": "enabled",
                "http_protocol_ipv6": "disabled",
                "http_put_response_hop_limit": 2,
                "http_tokens": "required",
                "instance_metadata_tags": "disabled"
              }
            ],
            "monitoring": false,
            "network_interface": [],
            "outpost_arn": "",
            "password_data": "",
            "placement_group": "",
            "placement_partition_number": 0,
            "primary_network_interface_id": "eni-02ada609a1b56e1a8",
            "private_dns": "ip-10-0-1-229.us-west-2.compute.internal",
            "private_dns_name_options": [
              {
                "enable_resource_name_dns_a_record": false,
                "enable_resource_name_dns_aaaa_record": false,
                "hostname_type": "ip-name"
              }
            ],
            "private_ip": "10.0.1.229",
            "public_dns": "ec2-34-216-164-142.us-west-2.compute.amazonaws.com",
            "public_ip": "34.216.164.142",
            "root_block_device": [
              {
                "delete_on_termination": true,
                "device_name": "/dev/xvda",
                "encrypted": false,
                "iops": 100,
                "kms_key_id": "",
                "tags": {},
                "tags_all": {},
                "throughput": 0,
                "volume_id": "vol-062cbaa2ff64f83e5",
                "volume_size": 8,
                "volume_type": "gp2"
              }
            ],
            "secondary_private_ips": [],
            "security_groups": [],
            "source_dest_check": true,
            "spot_instance_request_id": "",
            "subnet_id": "subnet-02eadbad5f33b840f",
            "tags": {
              "Name": "k8s-dedicated-node-1",
              "Type": "dedicated",
              "Zone": "us-west-2a",
              "kubernetes.io/cluster/dedicated-hosts-demo": "owned"
            },
            "tags_all": {
              "Name": "k8s-dedicated-node-1",
              "Type": "dedicated",
              "Zone": "us-west-2a",
              "kubernetes.io/cluster/dedicated-hosts-demo": "owned"
            },
            "tenancy": "host",
            "timeouts": null,
            "user_data": "9841a3df670bb19e2278db7e199cdaa4b372edb8",
            "user_data_base64": null,
            "user_data_replace_on_change": false,
            "volume_tags": null,
            "vpc_security_group_ids": [
              "sg-007aacb1475311353"
            ]
          },
          "sensitive_attributes": [],
          "private": "eyJlMmJmYjczMC1lY2FhLTExZTYtOGY4OC0zNDM2M2JjN2M0YzAiOnsiY3JlYXRlIjo2MDAwMDAwMDAwMDAsImRlbGV0ZSI6MTIwMDAwMDAwMDAwMCwicmVhZCI6OTAwMDAwMDAwMDAwLCJ1cGRhdGUiOjYwMDAwMDAwMDAwMH0sInNjaGVtYV92ZXJzaW9uIjoiMSJ9",
          "dependencies": [
            "aws_ec2_host.dedicated",
            "aws_key_pair.k8s",
            "aws_launch_template.dedicated_nodes",
            "aws_security_group.k8s_nodes",
            "aws_subnet.public",
            "data.aws_ami.amazon_linux",
            "data.aws_availability_zones.available"
          ]
        },
        {
          "index_key": 1,
          "schema_version": 1,
          "attributes": {
            "ami": "ami-0b2c0821853f5c7be",
            "arn": "arn:aws:ec2:us-west-2:387198252553:instance/i-05e18f90156613bda",
            "associate_public_ip_address": true,
            "availability_zone": "us-west-2b",
            "capacity_reservation_specification": [
              {
                "capacity_reservation_preference": "open",
                "capacity_reservation_target": []
              }
            ],
            "cpu_core_count": 1,
            "cpu_options": [
              {
                "amd_sev_snp": "",
                "core_count": 1,
                "threads_per_core": 2
              }
            ],
            "cpu_threads_per_core": 2,
            "credit_specification": [],
            "disable_api_stop": false,
            "disable_api_termination": false,
            "ebs_block_device": [],
            "ebs_optimized": false,
            "enable_primary_ipv6": null,
            "enclave_options": [
              {
                "enabled": false
              }
            ],
            "ephemeral_block_device": [],
            "get_password_data": false,
            "hibernation": false,
            "host_id": "h-0d97344af81ae4c12",
            "host_resource_group_arn": null,
            "iam_instance_profile": "",
            "id": "i-05e18f90156613bda",
            "instance_initiated_shutdown_behavior": "stop",
            "instance_lifecycle": "",
            "instance_market_options": [],
            "instance_state": "running",
            "instance_type": "m5.large",
            "ipv6_address_count": 0,
            "ipv6_addresses": [],
            "key_name": "k8s-demo-key",
            "launch_template": [
              {
                "id": "lt-08d90e9dbdac8a6ab",
                "name": "k8s-dedicated-20251005190825677700000007",
                "version": "$Latest"
              }
            ],
            "maintenance_options": [
              {
                "auto_recovery": "default"
              }
            ],
            "metadata_options": [
              {
                "http_endpoint": "enabled",
                "http_protocol_ipv6": "disabled",
                "http_put_response_hop_limit": 2,
                "http_tokens": "required",
                "instance_metadata_tags": "disabled"
              }
            ],
            "monitoring": false,
            "network_interface": [],
            "outpost_arn": "",
            "password_data": "",
            "placement_group": "",
            "placement_partition_number": 0,
            "primary_network_interface_id": "eni-04ea591af177d5f3d",
            "private_dns": "ip-10-0-2-18.us-west-2.compute.internal",
            "private_dns_name_options": [
              {
                "enable_resource_name_dns_a_record": false,
                "enable_resource_name_dns_aaaa_record": false,
                "hostname_type": "ip-name"
              }
            ],
            "private_ip": "10.0.2.18",
            "public_dns": "ec2-54-191-34-200.us-west-2.compute.amazonaws.com",
            "public_ip": "54.191.34.200",
            "root_block_device": [
              {
                "delete_on_termination": true,
                "device_name": "/dev/xvda",
                "encrypted": false,
                "iops": 100,
                "kms_key_id": "",
                "tags": {},
                "tags_all": {},
                "throughput": 0,
                "volume_id": "vol-0f8c8b07601d4c0ee",
                "volume_size": 8,
                "volume_type": "gp2"
              }
            ],
            "secondary_private_ips": [],
            "security_groups": [],
            "source_dest_check": true,
            "spot_instance_request_id": "",
            "subnet_id": "subnet-0fbdf7adf49497561",
            "tags": {
              "Name": "k8s-dedicated-node-2",
              "Type": "dedicated",
              "Zone": "us-west-2b",
              "kubernetes.io/cluster/dedicated-hosts-demo": "owned"
            },
            "tags_all": {
              "Name": "k8s-dedicated-node-2",
              "Type": "dedicated",
              "Zone": "us-west-2b",
              "kubernetes.io/cluster/dedicated-hosts-demo": "owned"
            },
            "tenancy": "host",
            "timeouts": null,
            "user_data": "9841a3df670bb19e2278db7e199cdaa4b372edb8",
            "user_data_base64": null,
            "user_data_replace_on_change": false,
            "volume_tags": null,
            "vpc_security_group_ids": [
              "sg-007aacb1475311353"
            ]
          },
          "sensitive_attributes": [],
          "private": "eyJlMmJmYjczMC1lY2FhLTExZTYtOGY4OC0zNDM2M2JjN2M0YzAiOnsiY3JlYXRlIjo2MDAwMDAwMDAwMDAsImRlbGV0ZSI6MTIwMDAwMDAwMDAwMCwicmVhZCI6OTAwMDAwMDAwMDAwLCJ1cGRhdGUiOjYwMDAwMDAwMDAwMH0sInNjaGVtYV92ZXJzaW9uIjoiMSJ9",
          "dependencies": [
            "aws_ec2_host.dedicated",
            "aws_key_pair.k8s",
            "aws_launch_template.dedicated_nodes",
            "aws_security_group.k8s_nodes",
            "aws_subnet.public",
            "data.aws_ami.amazon_linux",
            "data.aws_availability_zones.available"
          ]
        }
      ]
    },
    {
      "mode": "managed",
      "type": "aws_instance",
      "name": "default_nodes",
      "provider": "provider[\"registry.terraform.io/hashicorp/aws\"]",
      "instances": [
        {
          "index_key": 0,
          "schema_version": 1,
          "attributes": {
            "ami": "ami-0b2c0821853f5c7be",
            "arn": "arn:aws:ec2:us-west-2:387198252553:instance/i-090833e9bd6c1ae84",
            "associate_public_ip_address": true,
            "availability_zone": "us-west-2a",
            "capacity_reservation_specification": [
              {
                "capacity_reservation_preference": "open",
                "capacity_reservation_target": []
              }
            ],
            "cpu_core_count": 1,
            "cpu_options": [
              {
                "amd_sev_snp": "",
                "core_count": 1,
                "threads_per_core": 2
              }
            ],
            "cpu_threads_per_core": 2,
            "credit_specification": [],
            "disable_api_stop": false,
            "disable_api_termination": false,
            "ebs_block_device": [],
            "ebs_optimized": false,
            "enable_primary_ipv6": null,
            "enclave_options": [
              {
                "enabled": false
              }
            ],
            "ephemeral_block_device": [],
            "get_password_data": false,
            "hibernation": false,
            "host_id": "",
            "host_resource_group_arn": null,
            "iam_instance_profile": "",
            "id": "i-090833e9bd6c1ae84",
            "instance_initiated_shutdown_behavior": "stop",
            "instance_lifecycle": "",
            "instance_market_options": [],
            "instance_state": "running",
            "instance_type": "m5.large",
            "ipv6_address_count": 0,
            "ipv6_addresses": [],
            "key_name": "k8s-demo-key",
            "launch_template": [
              {
                "id": "lt-0bbf5ac4eb4499580",
                "name": "k8s-default-20251005190825677600000005",
                "version": "$Latest"
              }
            ],
            "maintenance_options": [
              {
                "auto_recovery": "default"
              }
            ],
            "metadata_options": [
              {
                "http_endpoint": "enabled",
                "http_protocol_ipv6": "disabled",
                "http_put_response_hop_limit": 2,
                "http_tokens": "required",
                "instance_metadata_tags": "disabled"
              }
            ],
            "monitoring": false,
            "network_interface": [],
            "outpost_arn": "",
            "password_data": "",
            "placement_group": "",
            "placement_partition_number": 0,
            "primary_network_interface_id": "eni-0c7cfe6a69f85042f",
            "private_dns": "ip-10-0-1-110.us-west-2.compute.internal",
            "private_dns_name_options": [
              {
                "enable_resource_name_dns_a_record": false,
                "enable_resource_name_dns_aaaa_record": false,
                "hostname_type": "ip-name"
              }
            ],
            "private_ip": "10.0.1.110",
            "public_dns": "ec2-35-91-179-133.us-west-2.compute.amazonaws.com",
            "public_ip": "35.91.179.133",
            "root_block_device": [
              {
                "delete_on_termination": true,
                "device_name": "/dev/xvda",
                "encrypted": false,
                "iops": 100,
                "kms_key_id": "",
                "tags": {},
                "tags_all": {},
                "throughput": 0,
                "volume_id": "vol-059f24dccd8082d20",
                "volume_size": 8,
                "volume_type": "gp2"
              }
            ],
            "secondary_private_ips": [],
            "security_groups": [],
            "source_dest_check": true,
            "spot_instance_request_id": "",
            "subnet_id": "subnet-02eadbad5f33b840f",
            "tags": {
              "Name": "k8s-default-node-1",
              "Type": "default",
              "Zone": "us-west-2a",
              "kubernetes.io/cluster/dedicated-hosts-demo": "owned"
            },
            "tags_all": {
              "Name": "k8s-default-node-1",
              "Type": "default",
              "Zone": "us-west-2a",
              "kubernetes.io/cluster/dedicated-hosts-demo": "owned"
            },
            "tenancy": "default",
            "timeouts": null,
            "user_data": "a5cff434f5f2f0c187b38ff82d22ba54e0ed6dd4",
            "user_data_base64": null,
            "user_data_replace_on_change": false,
            "volume_tags": null,
            "vpc_security_group_ids": [
              "sg-007aacb1475311353"
            ]
          },
          "sensitive_attributes": [],
          "private": "eyJlMmJmYjczMC1lY2FhLTExZTYtOGY4OC0zNDM2M2JjN2M0YzAiOnsiY3JlYXRlIjo2MDAwMDAwMDAwMDAsImRlbGV0ZSI6MTIwMDAwMDAwMDAwMCwicmVhZCI6OTAwMDAwMDAwMDAwLCJ1cGRhdGUiOjYwMDAwMDAwMDAwMH0sInNjaGVtYV92ZXJzaW9uIjoiMSJ9",
          "dependencies": [
            "aws_key_pair.k8s",
            "aws_launch_template.default_nodes",
            "aws_security_group.k8s_nodes",
            "aws_subnet.public",
            "data.aws_ami.amazon_linux",
            "data.aws_availability_zones.available"
          ]
        },
        {
          "index_key": 1,
          "schema_version": 1,
          "attributes": {
            "ami": "ami-0b2c0821853f5c7be",
            "arn": "arn:aws:ec2:us-west-2:387198252553:instance/i-015613c9732ffb309",
            "associate_public_ip_address": true,
            "availability_zone": "us-west-2b",
            "capacity_reservation_specification": [
              {
                "capacity_reservation_preference": "open",
                "capacity_reservation_target": []
              }
            ],
            "cpu_core_count": 1,
            "cpu_options": [
              {
                "amd_sev_snp": "",
                "core_count": 1,
                "threads_per_core": 2
              }
            ],
            "cpu_threads_per_core": 2,
            "credit_specification": [],
            "disable_api_stop": false,
            "disable_api_termination": false,
            "ebs_block_device": [],
            "ebs_optimized": false,
            "enable_primary_ipv6": null,
            "enclave_options": [
              {
                "enabled": false
              }
            ],
            "ephemeral_block_device": [],
            "get_password_data": false,
            "hibernation": false,
            "host_id": "",
            "host_resource_group_arn": null,
            "iam_instance_profile": "",
            "id": "i-015613c9732ffb309",
            "instance_initiated_shutdown_behavior": "stop",
            "instance_lifecycle": "",
            "instance_market_options": [],
            "instance_state": "running",
            "instance_type": "m5.large",
            "ipv6_address_count": 0,
            "ipv6_addresses": [],
            "key_name": "k8s-demo-key",
            "launch_template": [
              {
                "id": "lt-0bbf5ac4eb4499580",
                "name": "k8s-default-20251005190825677600000005",
                "version": "$Latest"
              }
            ],
            "maintenance_options": [
              {
                "auto_recovery": "default"
              }
            ],
            "metadata_options": [
              {
                "http_endpoint": "enabled",
                "http_protocol_ipv6": "disabled",
                "http_put_response_hop_limit": 2,
                "http_tokens": "required",
                "instance_metadata_tags": "disabled"
              }
            ],
            "monitoring": false,
            "network_interface": [],
            "outpost_arn": "",
            "password_data": "",
            "placement_group": "",
            "placement_partition_number": 0,
            "primary_network_interface_id": "eni-04f7a182c1ea3702f",
            "private_dns": "ip-10-0-2-41.us-west-2.compute.internal",
            "private_dns_name_options": [
              {
                "enable_resource_name_dns_a_record": false,
                "enable_resource_name_dns_aaaa_record": false,
                "hostname_type": "ip-name"
              }
            ],
            "private_ip": "10.0.2.41",
            "public_dns": "ec2-54-188-198-192.us-west-2.compute.amazonaws.com",
            "public_ip": "54.188.198.192",
            "root_block_device": [
              {
                "delete_on_termination": true,
                "device_name": "/dev/xvda",
                "encrypted": false,
                "iops": 100,
                "kms_key_id": "",
                "tags": {},
                "tags_all": {},
                "throughput": 0,
                "volume_id": "vol-0ba59991dd4ee1d5c",
                "volume_size": 8,
                "volume_type": "gp2"
              }
            ],
            "secondary_private_ips": [],
            "security_groups": [],
            "source_dest_check": true,
            "spot_instance_request_id": "",
            "subnet_id": "subnet-0fbdf7adf49497561",
            "tags": {
              "Name": "k8s-default-node-2",
              "Type": "default",
              "Zone": "us-west-2b",
              "kubernetes.io/cluster/dedicated-hosts-demo": "owned"
            },
            "tags_all": {
              "Name": "k8s-default-node-2",
              "Type": "default",
              "Zone": "us-west-2b",
              "kubernetes.io/cluster/dedicated-hosts-demo": "owned"
            },
            "tenancy": "default",
            "timeouts": null,
            "user_data": "a5cff434f5f2f0c187b38ff82d22ba54e0ed6dd4",
            "user_data_base64": null,
            "user_data_replace_on_change": false,
            "volume_tags": null,
            "vpc_security_group_ids": [
              "sg-007aacb1475311353"
            ]
          },
          "sensitive_attributes": [],
          "private": "eyJlMmJmYjczMC1lY2FhLTExZTYtOGY4OC0zNDM2M2JjN2M0YzAiOnsiY3JlYXRlIjo2MDAwMDAwMDAwMDAsImRlbGV0ZSI6MTIwMDAwMDAwMDAwMCwicmVhZCI6OTAwMDAwMDAwMDAwLCJ1cGRhdGUiOjYwMDAwMDAwMDAwMH0sInNjaGVtYV92ZXJzaW9uIjoiMSJ9",
          "dependencies": [
            "aws_key_pair.k8s",
            "aws_launch_template.default_nodes",
            "aws_security_group.k8s_nodes",
            "aws_subnet.public",
            "data.aws_ami.amazon_linux",
            "data.aws_availability_zones.available"
          ]
        }
      ]
    },
    {
      "mode": "managed",
      "type": "aws_internet_gateway",
      "name": "main",
      "provider": "provider[\"registry.terraform.io/hashicorp/aws\"]",
      "instances": [
        {
          "schema_version": 0,
          "attributes": {
            "arn": "arn:aws:ec2:us-west-2:387198252553:internet-gateway/igw-0452b55564f953f21",
            "id": "igw-0452b55564f953f21",
            "owner_id": "387198252553",
            "tags": {
              "Name": "dedicated-hosts-igw"
            },
            "tags_all": {
              "Name": "dedicated-hosts-igw"
            },
            "timeouts": null,
            "vpc_id": "vpc-03b74b26ac3b6218b"
          },
          "sensitive_attributes": [],
          "private": "eyJlMmJmYjczMC1lY2FhLTExZTYtOGY4OC0zNDM2M2JjN2M0YzAiOnsiY3JlYXRlIjoxMjAwMDAwMDAwMDAwLCJkZWxldGUiOjEyMDAwMDAwMDAwMDAsInVwZGF0ZSI6MTIwMDAwMDAwMDAwMH19",
          "dependencies": [
            "aws_vpc.main"
          ]
        }
      ]
    },
    {
      "mode": "managed",
      "type": "aws_key_pair",
      "name": "k8s",
      "provider": "provider[\"registry.terraform.io/hashicorp/aws\"]",
      "instances": [
        {
          "schema_version": 1,
          "attributes": {
            "arn": "arn:aws:ec2:us-west-2:387198252553:key-pair/k8s-demo-key",
            "fingerprint": "df:27:7a:50:ea:78:67:5a:08:9e:8e:9a:01:5e:fb:33",
            "id": "k8s-demo-key",
            "key_name": "k8s-demo-key",
            "key_name_prefix": "",
            "key_pair_id": "key-06e6d3b0a3bf49fbc",
            "key_type": "rsa",
            "public_key": "ssh-rsa AAAAB3NzaC1yc2EAAAADAQABAAABAQDBOND/lCTKbcT83gllXgBc/f74/6x6jwOmddCR2cQam6iMdGtDAZborxwg0qlX6J7dx8PXJyscLpVzZhvN8tlGophO0+vbEKJd7v4ymBbULlmtvsAs7wIn5wB/szkd7T05WO2rmDGnHnhlr/KmgEfDJDQEZOKO9WXXJAA6IlzB0G9J/Pox1p+myUsqe5RM0HU2s8VsfBmxf3DKd3a8QIVv13SLx+qDxl0JZ2d6o+AvDDG23GrPtsfRykIIMKXZ8oOZZwKwwaIWdx6LMWYhxM1PXzziEYIBiHkng2IXdfk+7107nZncIVW40xWTTxMTqWpCxwoYjCgIZwO9Vo16MNq7 rducic@Rafets-MacBook-Pro-2.local",
            "tags": {},
            "tags_all": {}
          },
          "sensitive_attributes": [],
          "private": "eyJzY2hlbWFfdmVyc2lvbiI6IjEifQ=="
        }
      ]
    },
    {
      "mode": "managed",
      "type": "aws_launch_template",
      "name": "dedicated_nodes",
      "provider": "provider[\"registry.terraform.io/hashicorp/aws\"]",
      "instances": [
        {
          "schema_version": 0,
          "attributes": {
            "arn": "arn:aws:ec2:us-west-2:387198252553:launch-template/lt-08d90e9dbdac8a6ab",
            "block_device_mappings": [],
            "capacity_reservation_specification": [],
            "cpu_options": [],
            "credit_specification": [],
            "default_version": 1,
            "description": "",
            "disable_api_stop": false,
            "disable_api_termination": false,
            "ebs_optimized": "",
            "elastic_gpu_specifications": [],
            "elastic_inference_accelerator": [],
            "enclave_options": [],
            "hibernation_options": [],
            "iam_instance_profile": [],
            "id": "lt-08d90e9dbdac8a6ab",
            "image_id": "ami-0b2c0821853f5c7be",
            "instance_initiated_shutdown_behavior": "",
            "instance_market_options": [],
            "instance_requirements": [],
            "instance_type": "m5.large",
            "kernel_id": "",
            "key_name": "k8s-demo-key",
            "latest_version": 2,
            "license_specification": [],
            "maintenance_options": [],
            "metadata_options": [],
            "monitoring": [],
            "name": "k8s-dedicated-20251005190825677700000007",
            "name_prefix": "k8s-dedicated-",
            "network_interfaces": [],
            "placement": [
              {
                "affinity": "",
                "availability_zone": "",
                "group_name": "",
                "host_id": "",
                "host_resource_group_arn": "",
                "partition_number": 0,
                "spread_domain": "",
                "tenancy": "host"
              }
            ],
            "private_dns_name_options": [],
            "ram_disk_id": "",
            "security_group_names": [],
            "tag_specifications": [
              {
                "resource_type": "instance",
                "tags": {
                  "Name": "k8s-dedicated-node",
                  "Type": "dedicated",
                  "kubernetes.io/cluster/dedicated-hosts-demo": "owned"
                }
              }
            ],
            "tags": {},
            "tags_all": {},
            "update_default_version": null,
            "user_data": "IyEvYmluL2Jhc2gKCiMgVXBkYXRlIHN5c3RlbQp5dW0gdXBkYXRlIC15CgojIEluc3RhbGwgRG9ja2VyCnl1bSBpbnN0YWxsIC15IGRvY2tlcgpzeXN0ZW1jdGwgc3RhcnQgZG9ja2VyCnN5c3RlbWN0bCBlbmFibGUgZG9ja2VyCnVzZXJtb2QgLWEgLUcgZG9ja2VyIGVjMi11c2VyCgojIEluc3RhbGwga3ViZWFkbSwga3ViZWxldCwga3ViZWN0bApjYXQgPDxFT0YgPiAvZXRjL3l1bS5yZXBvcy5kL2t1YmVybmV0ZXMucmVwbwpba3ViZXJuZXRlc10KbmFtZT1LdWJlcm5ldGVzCmJhc2V1cmw9aHR0cHM6Ly9wa2dzLms4cy5pby9jb3JlOi9zdGFibGU6L3YxLjI4L3JwbS8KZW5hYmxlZD0xCmdwZ2NoZWNrPTEKZ3Bna2V5PWh0dHBzOi8vcGtncy5rOHMuaW8vY29yZTovc3RhYmxlOi92MS4yOC9ycG0vcmVwb2RhdGEvcmVwb21kLnhtbC5rZXkKRU9GCgp5dW0gaW5zdGFsbCAteSBrdWJlbGV0IGt1YmVhZG0ga3ViZWN0bCAtLWRpc2FibGVleGNsdWRlcz1rdWJlcm5ldGVzCnN5c3RlbWN0bCBlbmFibGUga3ViZWxldAoKIyBDb25maWd1cmUga3ViZWxldCB3aXRoIGRlZGljYXRlZCBob3N0IHRhaW50CmNhdCA8PEVPRiA+IC9ldGMva3ViZXJuZXRlcy9rdWJlbGV0L2t1YmVsZXQtY29uZmlnLnlhbWwKYXBpVmVyc2lvbjoga3ViZWxldC5jb25maWcuazhzLmlvL3YxYmV0YTEKa2luZDogS3ViZWxldENvbmZpZ3VyYXRpb24KcmVnaXN0ZXJXaXRoVGFpbnRzOgotIGtleTogImRlZGljYXRlZC1ob3N0IgogIHZhbHVlOiAidHJ1ZSIKICBlZmZlY3Q6ICJOb1NjaGVkdWxlIgpub2RlTGFiZWxzOgogIHRlbmFuY3k6ICJkZWRpY2F0ZWQiCiAgbm9kZS10eXBlOiAiZGVkaWNhdGVkLWhvc3QiCkVPRgoKIyBTZXQgaG9zdG5hbWUKaG9zdG5hbWVjdGwgc2V0LWhvc3RuYW1lIGs4cy1kZWRpY2F0ZWQtJChjdXJsIC1zIGh0dHA6Ly8xNjkuMjU0LjE2OS4yNTQvbGF0ZXN0L21ldGEtZGF0YS9sb2NhbC1pcHY0KQoKIyBEaXNhYmxlIHN3YXAKc3dhcG9mZiAtYQpzZWQgLWkgJy8gc3dhcCAvIHMvXlwoLipcKSQvI1wxL2cnIC9ldGMvZnN0YWIKCiMgQ29uZmlndXJlIGNvbnRhaW5lciBydW50aW1lCmNhdCA8PEVPRiA+IC9ldGMvZG9ja2VyL2RhZW1vbi5qc29uCnsKICAiZXhlYy1vcHRzIjogWyJuYXRpdmUuY2dyb3VwZHJpdmVyPXN5c3RlbWQiXSwKICAibG9nLWRyaXZlciI6ICJqc29uLWZpbGUiLAogICJsb2ctb3B0cyI6IHsKICAgICJtYXgtc2l6ZSI6ICIxMDBtIgogIH0sCiAgInN0b3JhZ2UtZHJpdmVyIjogIm92ZXJsYXkyIgp9CkVPRgoKc3lzdGVtY3RsIHJlc3RhcnQgZG9ja2VyCgplY2hvICJEZWRpY2F0ZWQgaG9zdCBub2RlIHNldHVwIGNvbXBsZXRlIg==",
            "vpc_security_group_ids": [
              "sg-007aacb1475311353"
            ]
          },
          "sensitive_attributes": [],
          "private": "bnVsbA==",
          "dependencies": [
            "aws_key_pair.k8s",
            "aws_security_group.k8s_nodes",
            "data.aws_ami.amazon_linux"
          ]
        }
      ]
    },
    {
      "mode": "managed",
      "type": "aws_launch_template",
      "name": "default_nodes",
      "provider": "provider[\"registry.terraform.io/hashicorp/aws\"]",
      "instances": [
        {
          "schema_version": 0,
          "attributes": {
            "arn": "arn:aws:ec2:us-west-2:387198252553:launch-template/lt-0bbf5ac4eb4499580",
            "block_device_mappings": [],
            "capacity_reservation_specification": [],
            "cpu_options": [],
            "credit_specification": [],
            "default_version": 1,
            "description": "",
            "disable_api_stop": false,
            "disable_api_termination": false,
            "ebs_optimized": "",
            "elastic_gpu_specifications": [],
            "elastic_inference_accelerator": [],
            "enclave_options": [],
            "hibernation_options": [],
            "iam_instance_profile": [],
            "id": "lt-0bbf5ac4eb4499580",
            "image_id": "ami-0b2c0821853f5c7be",
            "instance_initiated_shutdown_behavior": "",
            "instance_market_options": [],
            "instance_requirements": [],
            "instance_type": "m5.large",
            "kernel_id": "",
            "key_name": "k8s-demo-key",
            "latest_version": 2,
            "license_specification": [],
            "maintenance_options": [],
            "metadata_options": [],
            "monitoring": [],
            "name": "k8s-default-20251005190825677600000005",
            "name_prefix": "k8s-default-",
            "network_interfaces": [],
            "placement": [],
            "private_dns_name_options": [],
            "ram_disk_id": "",
            "security_group_names": [],
            "tag_specifications": [
              {
                "resource_type": "instance",
                "tags": {
                  "Name": "k8s-default-node",
                  "Type": "default",
                  "kubernetes.io/cluster/dedicated-hosts-demo": "owned"
                }
              }
            ],
            "tags": {},
            "tags_all": {},
            "update_default_version": null,
            "user_data": "IyEvYmluL2Jhc2gKCiMgVXBkYXRlIHN5c3RlbQp5dW0gdXBkYXRlIC15CgojIEluc3RhbGwgRG9ja2VyCnl1bSBpbnN0YWxsIC15IGRvY2tlcgpzeXN0ZW1jdGwgc3RhcnQgZG9ja2VyCnN5c3RlbWN0bCBlbmFibGUgZG9ja2VyCnVzZXJtb2QgLWEgLUcgZG9ja2VyIGVjMi11c2VyCgojIEluc3RhbGwga3ViZWFkbSwga3ViZWxldCwga3ViZWN0bApjYXQgPDxFT0YgPiAvZXRjL3l1bS5yZXBvcy5kL2t1YmVybmV0ZXMucmVwbwpba3ViZXJuZXRlc10KbmFtZT1LdWJlcm5ldGVzCmJhc2V1cmw9aHR0cHM6Ly9wa2dzLms4cy5pby9jb3JlOi9zdGFibGU6L3YxLjI4L3JwbS8KZW5hYmxlZD0xCmdwZ2NoZWNrPTEKZ3Bna2V5PWh0dHBzOi8vcGtncy5rOHMuaW8vY29yZTovc3RhYmxlOi92MS4yOC9ycG0vcmVwb2RhdGEvcmVwb21kLnhtbC5rZXkKRU9GCgp5dW0gaW5zdGFsbCAteSBrdWJlbGV0IGt1YmVhZG0ga3ViZWN0bCAtLWRpc2FibGVleGNsdWRlcz1rdWJlcm5ldGVzCnN5c3RlbWN0bCBlbmFibGUga3ViZWxldAoKIyBDb25maWd1cmUga3ViZWxldCBmb3IgZGVmYXVsdCB0ZW5hbmN5CmNhdCA8PEVPRiA+IC9ldGMva3ViZXJuZXRlcy9rdWJlbGV0L2t1YmVsZXQtY29uZmlnLnlhbWwKYXBpVmVyc2lvbjoga3ViZWxldC5jb25maWcuazhzLmlvL3YxYmV0YTEKa2luZDogS3ViZWxldENvbmZpZ3VyYXRpb24Kbm9kZUxhYmVsczoKICB0ZW5hbmN5OiAiZGVmYXVsdCIKICBub2RlLXR5cGU6ICJkZWZhdWx0LXRlbmFuY3kiCkVPRgoKIyBTZXQgaG9zdG5hbWUKaG9zdG5hbWVjdGwgc2V0LWhvc3RuYW1lIGs4cy1kZWZhdWx0LSQoY3VybCAtcyBodHRwOi8vMTY5LjI1NC4xNjkuMjU0L2xhdGVzdC9tZXRhLWRhdGEvbG9jYWwtaXB2NCkKCiMgRGlzYWJsZSBzd2FwCnN3YXBvZmYgLWEKc2VkIC1pICcvIHN3YXAgLyBzL15cKC4qXCkkLyNcMS9nJyAvZXRjL2ZzdGFiCgojIENvbmZpZ3VyZSBjb250YWluZXIgcnVudGltZQpjYXQgPDxFT0YgPiAvZXRjL2RvY2tlci9kYWVtb24uanNvbgp7CiAgImV4ZWMtb3B0cyI6IFsibmF0aXZlLmNncm91cGRyaXZlcj1zeXN0ZW1kIl0sCiAgImxvZy1kcml2ZXIiOiAianNvbi1maWxlIiwKICAibG9nLW9wdHMiOiB7CiAgICAibWF4LXNpemUiOiAiMTAwbSIKICB9LAogICJzdG9yYWdlLWRyaXZlciI6ICJvdmVybGF5MiIKfQpFT0YKCnN5c3RlbWN0bCByZXN0YXJ0IGRvY2tlcgoKZWNobyAiRGVmYXVsdCB0ZW5hbmN5IG5vZGUgc2V0dXAgY29tcGxldGUi",
            "vpc_security_group_ids": [
              "sg-007aacb1475311353"
            ]
          },
          "sensitive_attributes": [],
          "private": "bnVsbA==",
          "dependencies": [
            "aws_key_pair.k8s",
            "aws_security_group.k8s_nodes",
            "data.aws_ami.amazon_linux"
          ]
        }
      ]
    },
    {
      "mode": "managed",
      "type": "aws_route_table",
      "name": "public",
      "provider": "provider[\"registry.terraform.io/hashicorp/aws\"]",
      "instances": [
        {
          "schema_version": 0,
          "attributes": {
            "arn": "arn:aws:ec2:us-west-2:387198252553:route-table/rtb-0da9df7105d8a5d69",
            "id": "rtb-0da9df7105d8a5d69",
            "owner_id": "387198252553",
            "propagating_vgws": [],
            "route": [
              {
                "carrier_gateway_id": "",
                "cidr_block": "0.0.0.0/0",
                "core_network_arn": "",
                "destination_prefix_list_id": "",
                "egress_only_gateway_id": "",
                "gateway_id": "igw-0452b55564f953f21",
                "ipv6_cidr_block": "",
                "local_gateway_id": "",
                "nat_gateway_id": "",
                "network_interface_id": "",
                "transit_gateway_id": "",
                "vpc_endpoint_id": "",
                "vpc_peering_connection_id": ""
              }
            ],
            "tags": {
              "Name": "public-rt"
            },
            "tags_all": {
              "Name": "public-rt"
            },
            "timeouts": null,
            "vpc_id": "vpc-03b74b26ac3b6218b"
          },
          "sensitive_attributes": [],
          "private": "eyJlMmJmYjczMC1lY2FhLTExZTYtOGY4OC0zNDM2M2JjN2M0YzAiOnsiY3JlYXRlIjozMDAwMDAwMDAwMDAsImRlbGV0ZSI6MzAwMDAwMDAwMDAwLCJ1cGRhdGUiOjEyMDAwMDAwMDAwMH19",
          "dependencies": [
            "aws_internet_gateway.main",
            "aws_vpc.main"
          ]
        }
      ]
    },
    {
      "mode": "managed",
      "type": "aws_route_table_association",
      "name": "public",
      "provider": "provider[\"registry.terraform.io/hashicorp/aws\"]",
      "instances": [
        {
          "index_key": 0,
          "schema_version": 0,
          "attributes": {
            "gateway_id": "",
            "id": "rtbassoc-0b301fa368302139a",
            "route_table_id": "rtb-0da9df7105d8a5d69",
            "subnet_id": "subnet-02eadbad5f33b840f",
            "timeouts": null
          },
          "sensitive_attributes": [],
          "private": "eyJlMmJmYjczMC1lY2FhLTExZTYtOGY4OC0zNDM2M2JjN2M0YzAiOnsiY3JlYXRlIjozMDAwMDAwMDAwMDAsImRlbGV0ZSI6MzAwMDAwMDAwMDAwLCJ1cGRhdGUiOjEyMDAwMDAwMDAwMH19",
          "dependencies": [
            "aws_internet_gateway.main",
            "aws_route_table.public",
            "aws_subnet.public",
            "aws_vpc.main",
            "data.aws_availability_zones.available"
          ]
        },
        {
          "index_key": 1,
          "schema_version": 0,
          "attributes": {
            "gateway_id": "",
            "id": "rtbassoc-0a1f943113fd0fb18",
            "route_table_id": "rtb-0da9df7105d8a5d69",
            "subnet_id": "subnet-0fbdf7adf49497561",
            "timeouts": null
          },
          "sensitive_attributes": [],
          "private": "eyJlMmJmYjczMC1lY2FhLTExZTYtOGY4OC0zNDM2M2JjN2M0YzAiOnsiY3JlYXRlIjozMDAwMDAwMDAwMDAsImRlbGV0ZSI6MzAwMDAwMDAwMDAwLCJ1cGRhdGUiOjEyMDAwMDAwMDAwMH19",
          "dependencies": [
            "aws_internet_gateway.main",
            "aws_route_table.public",
            "aws_subnet.public",
            "aws_vpc.main",
            "data.aws_availability_zones.available"
          ]
        }
      ]
    },
    {
      "mode": "managed",
      "type": "aws_security_group",
      "name": "k8s_nodes",
      "provider": "provider[\"registry.terraform.io/hashicorp/aws\"]",
      "instances": [
        {
          "schema_version": 1,
          "attributes": {
            "arn": "arn:aws:ec2:us-west-2:387198252553:security-group/sg-007aacb1475311353",
            "description": "Managed by Terraform",
            "egress": [
              {
                "cidr_blocks": [
                  "0.0.0.0/0"
                ],
                "description": "",
                "from_port": 0,
                "ipv6_cidr_blocks": [],
                "prefix_list_ids": [],
                "protocol": "-1",
                "security_groups": [],
                "self": false,
                "to_port": 0
              }
            ],
            "id": "sg-007aacb1475311353",
            "ingress": [
              {
                "cidr_blocks": [
                  "0.0.0.0/0"
                ],
                "description": "",
                "from_port": 22,
                "ipv6_cidr_blocks": [],
                "prefix_list_ids": [],
                "protocol": "tcp",
                "security_groups": [],
                "self": false,
                "to_port": 22
              },
              {
                "cidr_blocks": [
                  "10.0.0.0/16"
                ],
                "description": "",
                "from_port": 6443,
                "ipv6_cidr_blocks": [],
                "prefix_list_ids": [],
                "protocol": "tcp",
                "security_groups": [],
                "self": false,
                "to_port": 6443
              },
              {
                "cidr_blocks": [],
                "description": "",
                "from_port": 0,
                "ipv6_cidr_blocks": [],
                "prefix_list_ids": [],
                "protocol": "tcp",
                "security_groups": [],
                "self": true,
                "to_port": 65535
              },
              {
                "cidr_blocks": [],
                "description": "",
                "from_port": 10250,
                "ipv6_cidr_blocks": [],
                "prefix_list_ids": [],
                "protocol": "tcp",
                "security_groups": [],
                "self": true,
                "to_port": 10250
              }
            ],
            "name": "k8s-nodes-20251005190822961000000003",
            "name_prefix": "k8s-nodes-",
            "owner_id": "387198252553",
            "revoke_rules_on_delete": false,
            "tags": {
              "Name": "k8s-nodes-sg"
            },
            "tags_all": {
              "Name": "k8s-nodes-sg"
            },
            "timeouts": null,
            "vpc_id": "vpc-03b74b26ac3b6218b"
          },
          "sensitive_attributes": [],
          "private": "eyJlMmJmYjczMC1lY2FhLTExZTYtOGY4OC0zNDM2M2JjN2M0YzAiOnsiY3JlYXRlIjo2MDAwMDAwMDAwMDAsImRlbGV0ZSI6OTAwMDAwMDAwMDAwfSwic2NoZW1hX3ZlcnNpb24iOiIxIn0=",
          "dependencies": [
            "aws_vpc.main"
          ]
        }
      ]
    },
    {
      "mode": "managed",
      "type": "aws_subnet",
      "name": "public",
      "provider": "provider[\"registry.terraform.io/hashicorp/aws\"]",
      "instances": [
        {
          "index_key": 0,
          "schema_version": 1,
          "attributes": {
            "arn": "arn:aws:ec2:us-west-2:387198252553:subnet/subnet-02eadbad5f33b840f",
            "assign_ipv6_address_on_creation": false,
            "availability_zone": "us-west-2a",
            "availability_zone_id": "usw2-az1",
            "cidr_block": "10.0.1.0/24",
            "customer_owned_ipv4_pool": "",
            "enable_dns64": false,
            "enable_lni_at_device_index": 0,
            "enable_resource_name_dns_a_record_on_launch": false,
            "enable_resource_name_dns_aaaa_record_on_launch": false,
            "id": "subnet-02eadbad5f33b840f",
            "ipv6_cidr_block": "",
            "ipv6_cidr_block_association_id": "",
            "ipv6_native": false,
            "map_customer_owned_ip_on_launch": false,
            "map_public_ip_on_launch": true,
            "outpost_arn": "",
            "owner_id": "387198252553",
            "private_dns_hostname_type_on_launch": "ip-name",
            "tags": {
              "Name": "public-subnet-1",
              "kubernetes.io/role/elb": "1"
            },
            "tags_all": {
              "Name": "public-subnet-1",
              "kubernetes.io/role/elb": "1"
            },
            "timeouts": null,
            "vpc_id": "vpc-03b74b26ac3b6218b"
          },
          "sensitive_attributes": [],
          "private": "eyJlMmJmYjczMC1lY2FhLTExZTYtOGY4OC0zNDM2M2JjN2M0YzAiOnsiY3JlYXRlIjo2MDAwMDAwMDAwMDAsImRlbGV0ZSI6MTIwMDAwMDAwMDAwMH0sInNjaGVtYV92ZXJzaW9uIjoiMSJ9",
          "dependencies": [
            "aws_vpc.main",
            "data.aws_availability_zones.available"
          ]
        },
        {
          "index_key": 1,
          "schema_version": 1,
          "attributes": {
            "arn": "arn:aws:ec2:us-west-2:387198252553:subnet/subnet-0fbdf7adf49497561",
            "assign_ipv6_address_on_creation": false,
            "availability_zone": "us-west-2b",
            "availability_zone_id": "usw2-az2",
            "cidr_block": "10.0.2.0/24",
            "customer_owned_ipv4_pool": "",
            "enable_dns64": false,
            "enable_lni_at_device_index": 0,
            "enable_resource_name_dns_a_record_on_launch": false,
            "enable_resource_name_dns_aaaa_record_on_launch": false,
            "id": "subnet-0fbdf7adf49497561",
            "ipv6_cidr_block": "",
            "ipv6_cidr_block_association_id": "",
            "ipv6_native": false,
            "map_customer_owned_ip_on_launch": false,
            "map_public_ip_on_launch": true,
            "outpost_arn": "",
            "owner_id": "387198252553",
            "private_dns_hostname_type_on_launch": "ip-name",
            "tags": {
              "Name": "public-subnet-2",
              "kubernetes.io/role/elb": "1"
            },
            "tags_all": {
              "Name": "public-subnet-2",
              "kubernetes.io/role/elb": "1"
            },
            "timeouts": null,
            "vpc_id": "vpc-03b74b26ac3b6218b"
          },
          "sensitive_attributes": [],
          "private": "eyJlMmJmYjczMC1lY2FhLTExZTYtOGY4OC0zNDM2M2JjN2M0YzAiOnsiY3JlYXRlIjo2MDAwMDAwMDAwMDAsImRlbGV0ZSI6MTIwMDAwMDAwMDAwMH0sInNjaGVtYV92ZXJzaW9uIjoiMSJ9",
          "dependencies": [
            "aws_vpc.main",
            "data.aws_availability_zones.available"
          ]
        }
      ]
    },
    {
      "mode": "managed",
      "type": "aws_vpc",
      "name": "main",
      "provider": "provider[\"registry.terraform.io/hashicorp/aws\"]",
      "instances": [
        {
          "schema_version": 1,
          "attributes": {
            "arn": "arn:aws:ec2:us-west-2:387198252553:vpc/vpc-03b74b26ac3b6218b",
            "assign_generated_ipv6_cidr_block": false,
            "cidr_block": "10.0.0.0/16",
            "default_network_acl_id": "acl-0837fd646a4f9be3a",
            "default_route_table_id": "rtb-0eeb41943bbc41849",
            "default_security_group_id": "sg-0b7ea0863e332c242",
            "dhcp_options_id": "dopt-0b3e9eabf11ef0f8b",
            "enable_dns_hostnames": true,
            "enable_dns_support": true,
            "enable_network_address_usage_metrics": false,
            "id": "vpc-03b74b26ac3b6218b",
            "instance_tenancy": "default",
            "ipv4_ipam_pool_id": null,
            "ipv4_netmask_length": null,
            "ipv6_association_id": "",
            "ipv6_cidr_block": "",
            "ipv6_cidr_block_network_border_group": "",
            "ipv6_ipam_pool_id": "",
            "ipv6_netmask_length": 0,
            "main_route_table_id": "rtb-0eeb41943bbc41849",
            "owner_id": "387198252553",
            "tags": {
              "Name": "dedicated-hosts-vpc"
            },
            "tags_all": {
              "Name": "dedicated-hosts-vpc"
            }
          },
          "sensitive_attributes": [],
          "private": "eyJzY2hlbWFfdmVyc2lvbiI6IjEifQ=="
        }
      ]
    }
  ],
  "check_results": null
}
